{
  "name": "openclaw-app",
  "lockfileVersion": 3,
  "requires": true,
  "packages": {
    "": {
      "dependencies": {
        "@dcloudio/uni-components": "^3.0.0-alpha-3000020210521001"
      }
    },
    "node_modules/@dcloudio/uni-components": {
      "version": "3.0.0-alpha-3000020210521001",
      "resolved": "https://registry.npmjs.org/@dcloudio/uni-components/-/uni-components-3.0.0-alpha-3000020210521001.tgz",
      "integrity": "sha512-FxCzOPgOqE5V9owpogIZc0UvvfSlrzL77YVoKFWXB6BRJwAzc2bEpzA0+vUA+2V+RajWN6HrK9/czKjsArTS1A==",
      "license": "Apache-2.0"
    }
  }
}
